
Microsoft Visual Studio Solution File, Format Version 12.00
# Visual Studio Version 18
VisualStudioVersion = 18.4.11612.150
MinimumVisualStudioVersion = 10.0.40219.1
Project("{2150E333-8FDC-42A3-9474-1A3956D46DE8}") = "Services", "Services", "{79B3E5F7-E7D9-4367-B480-44AC3F43321B}"
EndProject
Project("{2150E333-8FDC-42A3-9474-1A3956D46DE8}") = "Catalog", "Catalog", "{C60081B7-40BA-459C-A5F0-C6301F1758F2}"
EndProject
Project("{FAE04EC0-301F-11D3-BF4B-00C04F79EFBC}") = "Catalog.API", "Services\Catalog\Catalog.API\Catalog.API.csproj", "{AC8C062B-565F-4125-98BC-191757916722}"
EndProject
Project("{2150E333-8FDC-42A3-9474-1A3956D46DE8}") = "BuildingBlocks", "BuildingBlocks", "{DAECC3DB-F0A4-4906-B10B-28D9BA935821}"
EndProject
Project("{FAE04EC0-301F-11D3-BF4B-00C04F79EFBC}") = "BuildingBlocks", "BuildingBlocks\BuildingBlocks\BuildingBlocks.csproj", "{5DD5563B-004C-4C81-957A-56853F780A8C}"
EndProject
Project("{E53339B2-1760-4266-BCC7-CA923CBCF16C}") = "docker-compose", "docker-compose.dcproj", "{48F9BF62-25D9-4528-BC07-2972248F12E6}"
EndProject
Project("{2150E333-8FDC-42A3-9474-1A3956D46DE8}") = "Basket", "Basket", "{DD526AC4-D3AF-4368-BA4E-DE967FDCE27D}"
EndProject
Project("{FAE04EC0-301F-11D3-BF4B-00C04F79EFBC}") = "Basket.API", "Services\Basket\Basket.API\Basket.API.csproj", "{F3A18458-4017-4598-8E57-7F7E394405EC}"
EndProject
Project("{2150E333-8FDC-42A3-9474-1A3956D46DE8}") = "Discount", "Discount", "{02EA681E-C7D8-13C7-8484-4AC65E1B71E8}"
EndProject
Project("{FAE04EC0-301F-11D3-BF4B-00C04F79EFBC}") = "Discount.Grpc", "Services\Discount\Discount.Grpc\Discount.Grpc.csproj", "{4487D189-4325-4F74-9691-BAC20FB75E38}"
EndProject
Project("{2150E333-8FDC-42A3-9474-1A3956D46DE8}") = "Ordering", "Ordering", "{54E77F5A-2E89-46C4-814C-72D36F1BCF45}"
EndProject
Project("{FAE04EC0-301F-11D3-BF4B-00C04F79EFBC}") = "Ordering.API", "Services\Ordering\Ordering.API\Ordering.API.csproj", "{1895C912-8222-4D85-890F-270132168614}"
EndProject
Project("{FAE04EC0-301F-11D3-BF4B-00C04F79EFBC}") = "Ordering.Domain", "Services\Ordering\Ordering.Domain\Ordering.Domain.csproj", "{CD41B142-ED3D-4D8C-B440-EEC645633668}"
EndProject
Project("{FAE04EC0-301F-11D3-BF4B-00C04F79EFBC}") = "Ordering.Application", "Services\Ordering\Ordering.Application\Ordering.Application.csproj", "{5039EF2B-45B2-491E-B5BD-7B9D5197068C}"
EndProject
Project("{FAE04EC0-301F-11D3-BF4B-00C04F79EFBC}") = "Ordering.Infrastructure", "Services\Ordering\Ordering.Infrastructure\Ordering.Infrastructure.csproj", "{81F1D99A-2F5A-489E-A965-5C43FA4E7E15}"
EndProject
Global
	GlobalSection(SolutionConfigurationPlatforms) = preSolution
		Debug|Any CPU = Debug|Any CPU
		Release|Any CPU = Release|Any CPU
	EndGlobalSection
	GlobalSection(ProjectConfigurationPlatforms) = postSolution
		{AC8C062B-565F-4125-98BC-191757916722}.Debug|Any CPU.ActiveCfg = Debug|Any CPU
		{AC8C062B-565F-4125-98BC-191757916722}.Debug|Any CPU.Build.0 = Debug|Any CPU
		{AC8C062B-565F-4125-98BC-191757916722}.Release|Any CPU.ActiveCfg = Release|Any CPU
		{AC8C062B-565F-4125-98BC-191757916722}.Release|Any CPU.Build.0 = Release|Any CPU
		{5DD5563B-004C-4C81-957A-56853F780A8C}.Debug|Any CPU.ActiveCfg = Debug|Any CPU
		{5DD5563B-004C-4C81-957A-56853F780A8C}.Debug|Any CPU.Build.0 = Debug|Any CPU
		{5DD5563B-004C-4C81-957A-56853F780A8C}.Release|Any CPU.ActiveCfg = Release|Any CPU
		{5DD5563B-004C-4C81-957A-56853F780A8C}.Release|Any CPU.Build.0 = Release|Any CPU
		{48F9BF62-25D9-4528-BC07-2972248F12E6}.Debug|Any CPU.ActiveCfg = Debug|Any CPU
		{48F9BF62-25D9-4528-BC07-2972248F12E6}.Debug|Any CPU.Build.0 = Debug|Any CPU
		{48F9BF62-25D9-4528-BC07-2972248F12E6}.Release|Any CPU.ActiveCfg = Release|Any CPU
		{48F9BF62-25D9-4528-BC07-2972248F12E6}.Release|Any CPU.Build.0 = Release|Any CPU
		{F3A18458-4017-4598-8E57-7F7E394405EC}.Debug|Any CPU.ActiveCfg = Debug|Any CPU
		{F3A18458-4017-4598-8E57-7F7E394405EC}.Debug|Any CPU.Build.0 = Debug|Any CPU
		{F3A18458-4017-4598-8E57-7F7E394405EC}.Release|Any CPU.ActiveCfg = Release|Any CPU
		{F3A18458-4017-4598-8E57-7F7E394405EC}.Release|Any CPU.Build.0 = Release|Any CPU
		{4487D189-4325-4F74-9691-BAC20FB75E38}.Debug|Any CPU.ActiveCfg = Debug|Any CPU
		{4487D189-4325-4F74-9691-BAC20FB75E38}.Debug|Any CPU.Build.0 = Debug|Any CPU
		{4487D189-4325-4F74-9691-BAC20FB75E38}.Release|Any CPU.ActiveCfg = Release|Any CPU
		{4487D189-4325-4F74-9691-BAC20FB75E38}.Release|Any CPU.Build.0 = Release|Any CPU
		{1895C912-8222-4D85-890F-270132168614}.Debug|Any CPU.ActiveCfg = Debug|Any CPU
		{1895C912-8222-4D85-890F-270132168614}.Debug|Any CPU.Build.0 = Debug|Any CPU
		{1895C912-8222-4D85-890F-270132168614}.Release|Any CPU.ActiveCfg = Release|Any CPU
		{1895C912-8222-4D85-890F-270132168614}.Release|Any CPU.Build.0 = Release|Any CPU
		{CD41B142-ED3D-4D8C-B440-EEC645633668}.Debug|Any CPU.ActiveCfg = Debug|Any CPU
		{CD41B142-ED3D-4D8C-B440-EEC645633668}.Debug|Any CPU.Build.0 = Debug|Any CPU
		{CD41B142-ED3D-4D8C-B440-EEC645633668}.Release|Any CPU.ActiveCfg = Release|Any CPU
		{CD41B142-ED3D-4D8C-B440-EEC645633668}.Release|Any CPU.Build.0 = Release|Any CPU
		{5039EF2B-45B2-491E-B5BD-7B9D5197068C}.Debug|Any CPU.ActiveCfg = Debug|Any CPU
		{5039EF2B-45B2-491E-B5BD-7B9D5197068C}.Debug|Any CPU.Build.0 = Debug|Any CPU
		{5039EF2B-45B2-491E-B5BD-7B9D5197068C}.Release|Any CPU.ActiveCfg = Release|Any CPU
		{5039EF2B-45B2-491E-B5BD-7B9D5197068C}.Release|Any CPU.Build.0 = Release|Any CPU
		{81F1D99A-2F5A-489E-A965-5C43FA4E7E15}.Debug|Any CPU.ActiveCfg = Debug|Any CPU
		{81F1D99A-2F5A-489E-A965-5C43FA4E7E15}.Debug|Any CPU.Build.0 = Debug|Any CPU
		{81F1D99A-2F5A-489E-A965-5C43FA4E7E15}.Release|Any CPU.ActiveCfg = Release|Any CPU
		{81F1D99A-2F5A-489E-A965-5C43FA4E7E15}.Release|Any CPU.Build.0 = Release|Any CPU
	EndGlobalSection
	GlobalSection(SolutionProperties) = preSolution
		HideSolutionNode = FALSE
	EndGlobalSection
	GlobalSection(NestedProjects) = preSolution
		{C60081B7-40BA-459C-A5F0-C6301F1758F2} = {79B3E5F7-E7D9-4367-B480-44AC3F43321B}
		{AC8C062B-565F-4125-98BC-191757916722} = {C60081B7-40BA-459C-A5F0-C6301F1758F2}
		{5DD5563B-004C-4C81-957A-56853F780A8C} = {DAECC3DB-F0A4-4906-B10B-28D9BA935821}
		{DD526AC4-D3AF-4368-BA4E-DE967FDCE27D} = {79B3E5F7-E7D9-4367-B480-44AC3F43321B}
		{F3A18458-4017-4598-8E57-7F7E394405EC} = {DD526AC4-D3AF-4368-BA4E-DE967FDCE27D}
		{02EA681E-C7D8-13C7-8484-4AC65E1B71E8} = {79B3E5F7-E7D9-4367-B480-44AC3F43321B}
		{4487D189-4325-4F74-9691-BAC20FB75E38} = {02EA681E-C7D8-13C7-8484-4AC65E1B71E8}
		{54E77F5A-2E89-46C4-814C-72D36F1BCF45} = {79B3E5F7-E7D9-4367-B480-44AC3F43321B}
		{1895C912-8222-4D85-890F-270132168614} = {54E77F5A-2E89-46C4-814C-72D36F1BCF45}
		{CD41B142-ED3D-4D8C-B440-EEC645633668} = {54E77F5A-2E89-46C4-814C-72D36F1BCF45}
		{5039EF2B-45B2-491E-B5BD-7B9D5197068C} = {54E77F5A-2E89-46C4-814C-72D36F1BCF45}
		{81F1D99A-2F5A-489E-A965-5C43FA4E7E15} = {54E77F5A-2E89-46C4-814C-72D36F1BCF45}
	EndGlobalSection
	GlobalSection(ExtensibilityGlobals) = postSolution
		SolutionGuid = {B22557A7-A58E-4007-BC94-C8A7091AD494}
	EndGlobalSection
EndGlobal
